
Microsoft Visual Studio Solution File, Format Version 12.00
# Visual Studio 14
VisualStudioVersion = 14.0.25420.1
MinimumVisualStudioVersion = 10.0.40219.1
Project("{FAE04EC0-301F-11D3-BF4B-00C04F79EFBC}") = "App_EmpresaDI", "App_EmpresaDI\App_EmpresaDI.csproj", "{05351858-AC5E-461D-BC10-516E472FCAD8}"
EndProject
Project("{FAE04EC0-301F-11D3-BF4B-00C04F79EFBC}") = "Capa_Logica", "Capa_Logica\Capa_Logica.csproj", "{15484F2F-19B4-4453-97E0-0113B9EDCD2E}"
EndProject
Global
	GlobalSection(SolutionConfigurationPlatforms) = preSolution
		Debug|Any CPU = Debug|Any CPU
		Release|Any CPU = Release|Any CPU
	EndGlobalSection
	GlobalSection(ProjectConfigurationPlatforms) = postSolution
		{05351858-AC5E-461D-BC10-516E472FCAD8}.Debug|Any CPU.ActiveCfg = Debug|Any CPU
		{05351858-AC5E-461D-BC10-516E472FCAD8}.Debug|Any CPU.Build.0 = Debug|Any CPU
		{05351858-AC5E-461D-BC10-516E472FCAD8}.Release|Any CPU.ActiveCfg = Release|Any CPU
		{05351858-AC5E-461D-BC10-516E472FCAD8}.Release|Any CPU.Build.0 = Release|Any CPU
		{15484F2F-19B4-4453-97E0-0113B9EDCD2E}.Debug|Any CPU.ActiveCfg = Debug|Any CPU
		{15484F2F-19B4-4453-97E0-0113B9EDCD2E}.Debug|Any CPU.Build.0 = Debug|Any CPU
		{15484F2F-19B4-4453-97E0-0113B9EDCD2E}.Release|Any CPU.ActiveCfg = Release|Any CPU
		{15484F2F-19B4-4453-97E0-0113B9EDCD2E}.Release|Any CPU.Build.0 = Release|Any CPU
	EndGlobalSection
	GlobalSection(SolutionProperties) = preSolution
		HideSolutionNode = FALSE
	EndGlobalSection
EndGlobal
